
Microsoft Visual Studio Solution File, Format Version 12.00
# Visual Studio Version 17
VisualStudioVersion = 17.5.002.0
MinimumVisualStudioVersion = 10.0.40219.1
Project("{9A19103F-16F7-4668-BE54-9A1E7A4F7556}") = "N5WebAPI", "N5WebAPI.csproj", "{EFCDF38E-02F0-43E3-BB9E-21BFBF9FDCED}"
EndProject
Global
	GlobalSection(SolutionConfigurationPlatforms) = preSolution
		Debug|Any CPU = Debug|Any CPU
		Release|Any CPU = Release|Any CPU
	EndGlobalSection
	GlobalSection(ProjectConfigurationPlatforms) = postSolution
		{EFCDF38E-02F0-43E3-BB9E-21BFBF9FDCED}.Debug|Any CPU.ActiveCfg = Debug|Any CPU
		{EFCDF38E-02F0-43E3-BB9E-21BFBF9FDCED}.Debug|Any CPU.Build.0 = Debug|Any CPU
		{EFCDF38E-02F0-43E3-BB9E-21BFBF9FDCED}.Release|Any CPU.ActiveCfg = Release|Any CPU
		{EFCDF38E-02F0-43E3-BB9E-21BFBF9FDCED}.Release|Any CPU.Build.0 = Release|Any CPU
	EndGlobalSection
	GlobalSection(SolutionProperties) = preSolution
		HideSolutionNode = FALSE
	EndGlobalSection
	GlobalSection(ExtensibilityGlobals) = postSolution
		SolutionGuid = {FDE64A8C-E4DF-48F1-9D25-8490C8F0371A}
	EndGlobalSection
EndGlobal
